
Microsoft Visual Studio Solution File, Format Version 12.00
# Visual Studio 14
VisualStudioVersion = 14.0.24720.0
MinimumVisualStudioVersion = 10.0.40219.1
Project("{FAE04EC0-301F-11D3-BF4B-00C04F79EFBC}") = "WebService", "WebServiceDemo\WebService.csproj", "{A0FA400C-B343-4DF5-B881-798BA91D13F8}"
EndProject
Project("{FAE04EC0-301F-11D3-BF4B-00C04F79EFBC}") = "WebserviceTestingWebform", "WebserviceTestingWebform\WebserviceTestingWebform.csproj", "{30AACB60-F2A9-472F-AE16-E91C44DEFE2C}"
	ProjectSection(ProjectDependencies) = postProject
		{A0FA400C-B343-4DF5-B881-798BA91D13F8} = {A0FA400C-B343-4DF5-B881-798BA91D13F8}
	EndProjectSection
EndProject
Global
	GlobalSection(SolutionConfigurationPlatforms) = preSolution
		Debug|Any CPU = Debug|Any CPU
		Release|Any CPU = Release|Any CPU
	EndGlobalSection
	GlobalSection(ProjectConfigurationPlatforms) = postSolution
		{A0FA400C-B343-4DF5-B881-798BA91D13F8}.Debug|Any CPU.ActiveCfg = Debug|Any CPU
		{A0FA400C-B343-4DF5-B881-798BA91D13F8}.Debug|Any CPU.Build.0 = Debug|Any CPU
		{A0FA400C-B343-4DF5-B881-798BA91D13F8}.Release|Any CPU.ActiveCfg = Release|Any CPU
		{A0FA400C-B343-4DF5-B881-798BA91D13F8}.Release|Any CPU.Build.0 = Release|Any CPU
		{30AACB60-F2A9-472F-AE16-E91C44DEFE2C}.Debug|Any CPU.ActiveCfg = Debug|Any CPU
		{30AACB60-F2A9-472F-AE16-E91C44DEFE2C}.Debug|Any CPU.Build.0 = Debug|Any CPU
		{30AACB60-F2A9-472F-AE16-E91C44DEFE2C}.Release|Any CPU.ActiveCfg = Release|Any CPU
		{30AACB60-F2A9-472F-AE16-E91C44DEFE2C}.Release|Any CPU.Build.0 = Release|Any CPU
	EndGlobalSection
	GlobalSection(SolutionProperties) = preSolution
		HideSolutionNode = FALSE
	EndGlobalSection
EndGlobal
